
Microsoft Visual Studio Solution File, Format Version 12.00
# Visual Studio Version 17
VisualStudioVersion = 17.9.34701.34
MinimumVisualStudioVersion = 10.0.40219.1
Project("{FAE04EC0-301F-11D3-BF4B-00C04F79EFBC}") = "DotNetBadLog", "DotNetBadLog\DotNetBadLog.csproj", "{F7F2A3F2-DBC6-49FC-9044-2C97575C761A}"
EndProject
Global
	GlobalSection(SolutionConfigurationPlatforms) = preSolution
		Debug|Any CPU = Debug|Any CPU
		Release|Any CPU = Release|Any CPU
	EndGlobalSection
	GlobalSection(ProjectConfigurationPlatforms) = postSolution
		{F7F2A3F2-DBC6-49FC-9044-2C97575C761A}.Debug|Any CPU.ActiveCfg = Debug|Any CPU
		{F7F2A3F2-DBC6-49FC-9044-2C97575C761A}.Debug|Any CPU.Build.0 = Debug|Any CPU
		{F7F2A3F2-DBC6-49FC-9044-2C97575C761A}.Release|Any CPU.ActiveCfg = Release|Any CPU
		{F7F2A3F2-DBC6-49FC-9044-2C97575C761A}.Release|Any CPU.Build.0 = Release|Any CPU
	EndGlobalSection
	GlobalSection(SolutionProperties) = preSolution
		HideSolutionNode = FALSE
	EndGlobalSection
	GlobalSection(ExtensibilityGlobals) = postSolution
		SolutionGuid = {AAB79D85-5EC1-4C9B-A14A-71FAD9CEB3E5}
	EndGlobalSection
EndGlobal
